// !$*UTF8*$!
{
	archiveVersion = 1;
	classes = {
	};
	objectVersion = 56;
	objects = {

/* Begin PBXBuildFile section */
		F92DE7092B6AB4C50024923D /* Note+CoreDataClass.swift in Sources */ = {isa = PBXBuildFile; fileRef = F92DE7072B6AB4C50024923D /* Note+CoreDataClass.swift */; };
		F92DE70A2B6AB4C50024923D /* Note+CoreDataProperties.swift in Sources */ = {isa = PBXBuildFile; fileRef = F92DE7082B6AB4C50024923D /* Note+CoreDataProperties.swift */; };
		F9A4A7412B652A1B0049CE78 /* NotesView.swift in Sources */ = {isa = PBXBuildFile; fileRef = F9A4A7402B652A1B0049CE78 /* NotesView.swift */; };
		F9A4A7462B655BA00049CE78 /* NoteTableViewCell.swift in Sources */ = {isa = PBXBuildFile; fileRef = F9A4A7452B655BA00049CE78 /* NoteTableViewCell.swift */; };
		F9A4A7482B657D3B0049CE78 /* EditNoteViewController.swift in Sources */ = {isa = PBXBuildFile; fileRef = F9A4A7472B657D3B0049CE78 /* EditNoteViewController.swift */; };
		F9A4A74C2B6582650049CE78 /* EditNoteView.swift in Sources */ = {isa = PBXBuildFile; fileRef = F9A4A74B2B6582650049CE78 /* EditNoteView.swift */; };
		F9A8560F2B668D3600508C24 /* FormatMenu.swift in Sources */ = {isa = PBXBuildFile; fileRef = F9A8560E2B668D3600508C24 /* FormatMenu.swift */; };
		F9A856112B6694F700508C24 /* FormatButton.swift in Sources */ = {isa = PBXBuildFile; fileRef = F9A856102B6694F700508C24 /* FormatButton.swift */; };
		F9A856132B66B98200508C24 /* TextAttributes.swift in Sources */ = {isa = PBXBuildFile; fileRef = F9A856122B66B98200508C24 /* TextAttributes.swift */; };
		F9A856152B66BA2100508C24 /* AttributedStringManager.swift in Sources */ = {isa = PBXBuildFile; fileRef = F9A856142B66BA2100508C24 /* AttributedStringManager.swift */; };
		F9A856182B66E90E00508C24 /* CoreDataModel.xcdatamodeld in Sources */ = {isa = PBXBuildFile; fileRef = F9A856162B66E90E00508C24 /* CoreDataModel.xcdatamodeld */; };
		F9A856412B66EEBA00508C24 /* CoreDataManager.swift in Sources */ = {isa = PBXBuildFile; fileRef = F9A856402B66EEBA00508C24 /* CoreDataManager.swift */; };
		F9A856452B66F4AB00508C24 /* DataManager.swift in Sources */ = {isa = PBXBuildFile; fileRef = F9A856442B66F4AB00508C24 /* DataManager.swift */; };
		F9A856532B6725F400508C24 /* NSAttributedStringTransformer.swift in Sources */ = {isa = PBXBuildFile; fileRef = F9A856522B6725F400508C24 /* NSAttributedStringTransformer.swift */; };
		F9B4D6532B65281A00EB665E /* AppDelegate.swift in Sources */ = {isa = PBXBuildFile; fileRef = F9B4D6522B65281A00EB665E /* AppDelegate.swift */; };
		F9B4D6552B65281A00EB665E /* SceneDelegate.swift in Sources */ = {isa = PBXBuildFile; fileRef = F9B4D6542B65281A00EB665E /* SceneDelegate.swift */; };
		F9B4D6572B65281A00EB665E /* NotesViewController.swift in Sources */ = {isa = PBXBuildFile; fileRef = F9B4D6562B65281A00EB665E /* NotesViewController.swift */; };
		F9B4D65C2B65281B00EB665E /* Assets.xcassets in Resources */ = {isa = PBXBuildFile; fileRef = F9B4D65B2B65281B00EB665E /* Assets.xcassets */; };
		F9B4D65F2B65281B00EB665E /* LaunchScreen.storyboard in Resources */ = {isa = PBXBuildFile; fileRef = F9B4D65D2B65281B00EB665E /* LaunchScreen.storyboard */; };
/* End PBXBuildFile section */

/* Begin PBXFileReference section */
		F92DE7072B6AB4C50024923D /* Note+CoreDataClass.swift */ = {isa = PBXFileReference; fileEncoding = 4; lastKnownFileType = sourcecode.swift; path = "Note+CoreDataClass.swift"; sourceTree = "<group>"; };
		F92DE7082B6AB4C50024923D /* Note+CoreDataProperties.swift */ = {isa = PBXFileReference; fileEncoding = 4; lastKnownFileType = sourcecode.swift; path = "Note+CoreDataProperties.swift"; sourceTree = "<group>"; };
		F9A4A7402B652A1B0049CE78 /* NotesView.swift */ = {isa = PBXFileReference; lastKnownFileType = sourcecode.swift; path = NotesView.swift; sourceTree = "<group>"; };
		F9A4A7452B655BA00049CE78 /* NoteTableViewCell.swift */ = {isa = PBXFileReference; lastKnownFileType = sourcecode.swift; path = NoteTableViewCell.swift; sourceTree = "<group>"; };
		F9A4A7472B657D3B0049CE78 /* EditNoteViewController.swift */ = {isa = PBXFileReference; lastKnownFileType = sourcecode.swift; path = EditNoteViewController.swift; sourceTree = "<group>"; };
		F9A4A74B2B6582650049CE78 /* EditNoteView.swift */ = {isa = PBXFileReference; lastKnownFileType = sourcecode.swift; path = EditNoteView.swift; sourceTree = "<group>"; };
		F9A8560E2B668D3600508C24 /* FormatMenu.swift */ = {isa = PBXFileReference; lastKnownFileType = sourcecode.swift; path = FormatMenu.swift; sourceTree = "<group>"; };
		F9A856102B6694F700508C24 /* FormatButton.swift */ = {isa = PBXFileReference; lastKnownFileType = sourcecode.swift; path = FormatButton.swift; sourceTree = "<group>"; };
		F9A856122B66B98200508C24 /* TextAttributes.swift */ = {isa = PBXFileReference; lastKnownFileType = sourcecode.swift; path = TextAttributes.swift; sourceTree = "<group>"; };
		F9A856142B66BA2100508C24 /* AttributedStringManager.swift */ = {isa = PBXFileReference; lastKnownFileType = sourcecode.swift; path = AttributedStringManager.swift; sourceTree = "<group>"; };
		F9A856172B66E90E00508C24 /* CoreDataModel.xcdatamodel */ = {isa = PBXFileReference; lastKnownFileType = wrapper.xcdatamodel; path = CoreDataModel.xcdatamodel; sourceTree = "<group>"; };
		F9A856402B66EEBA00508C24 /* CoreDataManager.swift */ = {isa = PBXFileReference; lastKnownFileType = sourcecode.swift; path = CoreDataManager.swift; sourceTree = "<group>"; };
		F9A856442B66F4AB00508C24 /* DataManager.swift */ = {isa = PBXFileReference; lastKnownFileType = sourcecode.swift; path = DataManager.swift; sourceTree = "<group>"; };
		F9A856522B6725F400508C24 /* NSAttributedStringTransformer.swift */ = {isa = PBXFileReference; lastKnownFileType = sourcecode.swift; path = NSAttributedStringTransformer.swift; sourceTree = "<group>"; };
		F9B4D64F2B65281A00EB665E /* Notes.app */ = {isa = PBXFileReference; explicitFileType = wrapper.application; includeInIndex = 0; path = Notes.app; sourceTree = BUILT_PRODUCTS_DIR; };
		F9B4D6522B65281A00EB665E /* AppDelegate.swift */ = {isa = PBXFileReference; lastKnownFileType = sourcecode.swift; path = AppDelegate.swift; sourceTree = "<group>"; };
		F9B4D6542B65281A00EB665E /* SceneDelegate.swift */ = {isa = PBXFileReference; lastKnownFileType = sourcecode.swift; path = SceneDelegate.swift; sourceTree = "<group>"; };
		F9B4D6562B65281A00EB665E /* NotesViewController.swift */ = {isa = PBXFileReference; lastKnownFileType = sourcecode.swift; path = NotesViewController.swift; sourceTree = "<group>"; };
		F9B4D65B2B65281B00EB665E /* Assets.xcassets */ = {isa = PBXFileReference; lastKnownFileType = folder.assetcatalog; path = Assets.xcassets; sourceTree = "<group>"; };
		F9B4D65E2B65281B00EB665E /* Base */ = {isa = PBXFileReference; lastKnownFileType = file.storyboard; name = Base; path = Base.lproj/LaunchScreen.storyboard; sourceTree = "<group>"; };
		F9B4D6602B65281B00EB665E /* Info.plist */ = {isa = PBXFileReference; lastKnownFileType = text.plist.xml; path = Info.plist; sourceTree = "<group>"; };
/* End PBXFileReference section */

/* Begin PBXFrameworksBuildPhase section */
		F9B4D64C2B65281A00EB665E /* Frameworks */ = {
			isa = PBXFrameworksBuildPhase;
			buildActionMask = 2147483647;
			files = (
			);
			runOnlyForDeploymentPostprocessing = 0;
		};
/* End PBXFrameworksBuildPhase section */

/* Begin PBXGroup section */
		F9A4A73E2B6529E80049CE78 /* Controllers */ = {
			isa = PBXGroup;
			children = (
				F9B4D6562B65281A00EB665E /* NotesViewController.swift */,
				F9A4A7472B657D3B0049CE78 /* EditNoteViewController.swift */,
			);
			path = Controllers;
			sourceTree = "<group>";
		};
		F9A4A73F2B6529F80049CE78 /* Views */ = {
			isa = PBXGroup;
			children = (
				F9A4A7402B652A1B0049CE78 /* NotesView.swift */,
				F9A4A7452B655BA00049CE78 /* NoteTableViewCell.swift */,
				F9A4A74B2B6582650049CE78 /* EditNoteView.swift */,
				F9A8560E2B668D3600508C24 /* FormatMenu.swift */,
				F9A856102B6694F700508C24 /* FormatButton.swift */,
			);
			path = Views;
			sourceTree = "<group>";
		};
		F9A4A7422B655AF20049CE78 /* Model */ = {
			isa = PBXGroup;
			children = (
				F92DE7072B6AB4C50024923D /* Note+CoreDataClass.swift */,
				F92DE7082B6AB4C50024923D /* Note+CoreDataProperties.swift */,
				F9A856122B66B98200508C24 /* TextAttributes.swift */,
				F9A856142B66BA2100508C24 /* AttributedStringManager.swift */,
				F9A856402B66EEBA00508C24 /* CoreDataManager.swift */,
				F9A856442B66F4AB00508C24 /* DataManager.swift */,
				F9A856522B6725F400508C24 /* NSAttributedStringTransformer.swift */,
			);
			path = Model;
			sourceTree = "<group>";
		};
		F9B4D6462B65281A00EB665E = {
			isa = PBXGroup;
			children = (
				F9B4D6512B65281A00EB665E /* Notes */,
				F9B4D6502B65281A00EB665E /* Products */,
			);
			sourceTree = "<group>";
		};
		F9B4D6502B65281A00EB665E /* Products */ = {
			isa = PBXGroup;
			children = (
				F9B4D64F2B65281A00EB665E /* Notes.app */,
			);
			name = Products;
			sourceTree = "<group>";
		};
		F9B4D6512B65281A00EB665E /* Notes */ = {
			isa = PBXGroup;
			children = (
				F9A4A7422B655AF20049CE78 /* Model */,
				F9A4A73F2B6529F80049CE78 /* Views */,
				F9A4A73E2B6529E80049CE78 /* Controllers */,
				F9B4D6522B65281A00EB665E /* AppDelegate.swift */,
				F9B4D6542B65281A00EB665E /* SceneDelegate.swift */,
				F9B4D65B2B65281B00EB665E /* Assets.xcassets */,
				F9B4D65D2B65281B00EB665E /* LaunchScreen.storyboard */,
				F9A856162B66E90E00508C24 /* CoreDataModel.xcdatamodeld */,
				F9B4D6602B65281B00EB665E /* Info.plist */,
			);
			path = Notes;
			sourceTree = "<group>";
		};
/* End PBXGroup section */

/* Begin PBXNativeTarget section */
		F9B4D64E2B65281A00EB665E /* Notes */ = {
			isa = PBXNativeTarget;
			buildConfigurationList = F9B4D6632B65281B00EB665E /* Build configuration list for PBXNativeTarget "Notes" */;
			buildPhases = (
				F9B4D64B2B65281A00EB665E /* Sources */,
				F9B4D64C2B65281A00EB665E /* Frameworks */,
				F9B4D64D2B65281A00EB665E /* Resources */,
			);
			buildRules = (
			);
			dependencies = (
			);
			name = Notes;
			productName = Notes;
			productReference = F9B4D64F2B65281A00EB665E /* Notes.app */;
			productType = "com.apple.product-type.application";
		};
/* End PBXNativeTarget section */

/* Begin PBXProject section */
		F9B4D6472B65281A00EB665E /* Project object */ = {
			isa = PBXProject;
			attributes = {
				BuildIndependentTargetsInParallel = 1;
				LastSwiftUpdateCheck = 1500;
				LastUpgradeCheck = 1500;
				TargetAttributes = {
					F9B4D64E2B65281A00EB665E = {
						CreatedOnToolsVersion = 15.0;
					};
				};
			};
			buildConfigurationList = F9B4D64A2B65281A00EB665E /* Build configuration list for PBXProject "Notes" */;
			compatibilityVersion = "Xcode 14.0";
			developmentRegion = en;
			hasScannedForEncodings = 0;
			knownRegions = (
				en,
				Base,
			);
			mainGroup = F9B4D6462B65281A00EB665E;
			productRefGroup = F9B4D6502B65281A00EB665E /* Products */;
			projectDirPath = "";
			projectRoot = "";
			targets = (
				F9B4D64E2B65281A00EB665E /* Notes */,
			);
		};
/* End PBXProject section */

/* Begin PBXResourcesBuildPhase section */
		F9B4D64D2B65281A00EB665E /* Resources */ = {
			isa = PBXResourcesBuildPhase;
			buildActionMask = 2147483647;
			files = (
				F9B4D65F2B65281B00EB665E /* LaunchScreen.storyboard in Resources */,
				F9B4D65C2B65281B00EB665E /* Assets.xcassets in Resources */,
			);
			runOnlyForDeploymentPostprocessing = 0;
		};
/* End PBXResourcesBuildPhase section */

/* Begin PBXSourcesBuildPhase section */
		F9B4D64B2B65281A00EB665E /* Sources */ = {
			isa = PBXSourcesBuildPhase;
			buildActionMask = 2147483647;
			files = (
				F9B4D6572B65281A00EB665E /* NotesViewController.swift in Sources */,
				F9A856452B66F4AB00508C24 /* DataManager.swift in Sources */,
				F9B4D6532B65281A00EB665E /* AppDelegate.swift in Sources */,
				F9A856412B66EEBA00508C24 /* CoreDataManager.swift in Sources */,
				F9A856532B6725F400508C24 /* NSAttributedStringTransformer.swift in Sources */,
				F9A856182B66E90E00508C24 /* CoreDataModel.xcdatamodeld in Sources */,
				F9A4A7482B657D3B0049CE78 /* EditNoteViewController.swift in Sources */,
				F9A4A74C2B6582650049CE78 /* EditNoteView.swift in Sources */,
				F9A8560F2B668D3600508C24 /* FormatMenu.swift in Sources */,
				F9A4A7412B652A1B0049CE78 /* NotesView.swift in Sources */,
				F92DE70A2B6AB4C50024923D /* Note+CoreDataProperties.swift in Sources */,
				F9A856132B66B98200508C24 /* TextAttributes.swift in Sources */,
				F9A856152B66BA2100508C24 /* AttributedStringManager.swift in Sources */,
				F9A856112B6694F700508C24 /* FormatButton.swift in Sources */,
				F92DE7092B6AB4C50024923D /* Note+CoreDataClass.swift in Sources */,
				F9B4D6552B65281A00EB665E /* SceneDelegate.swift in Sources */,
				F9A4A7462B655BA00049CE78 /* NoteTableViewCell.swift in Sources */,
			);
			runOnlyForDeploymentPostprocessing = 0;
		};
/* End PBXSourcesBuildPhase section */

/* Begin PBXVariantGroup section */
		F9B4D65D2B65281B00EB665E /* LaunchScreen.storyboard */ = {
			isa = PBXVariantGroup;
			children = (
				F9B4D65E2B65281B00EB665E /* Base */,
			);
			name = LaunchScreen.storyboard;
			sourceTree = "<group>";
		};
/* End PBXVariantGroup section */

/* Begin XCBuildConfiguration section */
		F9B4D6612B65281B00EB665E /* Debug */ = {
			isa = XCBuildConfiguration;
			buildSettings = {
				ALWAYS_SEARCH_USER_PATHS = NO;
				ASSETCATALOG_COMPILER_GENERATE_SWIFT_ASSET_SYMBOL_EXTENSIONS = YES;
				CLANG_ANALYZER_NONNULL = YES;
				CLANG_ANALYZER_NUMBER_OBJECT_CONVERSION = YES_AGGRESSIVE;
				CLANG_CXX_LANGUAGE_STANDARD = "gnu++20";
				CLANG_ENABLE_MODULES = YES;
				CLANG_ENABLE_OBJC_ARC = YES;
				CLANG_ENABLE_OBJC_WEAK = YES;
				CLANG_WARN_BLOCK_CAPTURE_AUTORELEASING = YES;
				CLANG_WARN_BOOL_CONVERSION = YES;
				CLANG_WARN_COMMA = YES;
				CLANG_WARN_CONSTANT_CONVERSION = YES;
				CLANG_WARN_DEPRECATED_OBJC_IMPLEMENTATIONS = YES;
				CLANG_WARN_DIRECT_OBJC_ISA_USAGE = YES_ERROR;
				CLANG_WARN_DOCUMENTATION_COMMENTS = YES;
				CLANG_WARN_EMPTY_BODY = YES;
				CLANG_WARN_ENUM_CONVERSION = YES;
				CLANG_WARN_INFINITE_RECURSION = YES;
				CLANG_WARN_INT_CONVERSION = YES;
				CLANG_WARN_NON_LITERAL_NULL_CONVERSION = YES;
				CLANG_WARN_OBJC_IMPLICIT_RETAIN_SELF = YES;
				CLANG_WARN_OBJC_LITERAL_CONVERSION = YES;
				CLANG_WARN_OBJC_ROOT_CLASS = YES_ERROR;
				CLANG_WARN_QUOTED_INCLUDE_IN_FRAMEWORK_HEADER = YES;
				CLANG_WARN_RANGE_LOOP_ANALYSIS = YES;
				CLANG_WARN_STRICT_PROTOTYPES = YES;
				CLANG_WARN_SUSPICIOUS_MOVE = YES;
				CLANG_WARN_UNGUARDED_AVAILABILITY = YES_AGGRESSIVE;
				CLANG_WARN_UNREACHABLE_CODE = YES;
				CLANG_WARN__DUPLICATE_METHOD_MATCH = YES;
				COPY_PHASE_STRIP = NO;
				DEBUG_INFORMATION_FORMAT = dwarf;
				ENABLE_STRICT_OBJC_MSGSEND = YES;
				ENABLE_TESTABILITY = YES;
				ENABLE_USER_SCRIPT_SANDBOXING = YES;
				GCC_C_LANGUAGE_STANDARD = gnu17;
				GCC_DYNAMIC_NO_PIC = NO;
				GCC_NO_COMMON_BLOCKS = YES;
				GCC_OPTIMIZATION_LEVEL = 0;
				GCC_PREPROCESSOR_DEFINITIONS = (
					"DEBUG=1",
					"$(inherited)",
				);
				GCC_WARN_64_TO_32_BIT_CONVERSION = YES;
				GCC_WARN_ABOUT_RETURN_TYPE = YES_ERROR;
				GCC_WARN_UNDECLARED_SELECTOR = YES;
				GCC_WARN_UNINITIALIZED_AUTOS = YES_AGGRESSIVE;
				GCC_WARN_UNUSED_FUNCTION = YES;
				GCC_WARN_UNUSED_VARIABLE = YES;
				IPHONEOS_DEPLOYMENT_TARGET = 17.0;
				LOCALIZATION_PREFERS_STRING_CATALOGS = YES;
				MTL_ENABLE_DEBUG_INFO = INCLUDE_SOURCE;
				MTL_FAST_MATH = YES;
				ONLY_ACTIVE_ARCH = YES;
				SDKROOT = iphoneos;
				SWIFT_ACTIVE_COMPILATION_CONDITIONS = "DEBUG $(inherited)";
				SWIFT_OPTIMIZATION_LEVEL = "-Onone";
			};
			name = Debug;
		};
		F9B4D6622B65281B00EB665E /* Release */ = {
			isa = XCBuildConfiguration;
			buildSettings = {
				ALWAYS_SEARCH_USER_PATHS = NO;
				ASSETCATALOG_COMPILER_GENERATE_SWIFT_ASSET_SYMBOL_EXTENSIONS = YES;
				CLANG_ANALYZER_NONNULL = YES;
				CLANG_ANALYZER_NUMBER_OBJECT_CONVERSION = YES_AGGRESSIVE;
				CLANG_CXX_LANGUAGE_STANDARD = "gnu++20";
				CLANG_ENABLE_MODULES = YES;
				CLANG_ENABLE_OBJC_ARC = YES;
				CLANG_ENABLE_OBJC_WEAK = YES;
				CLANG_WARN_BLOCK_CAPTURE_AUTORELEASING = YES;
				CLANG_WARN_BOOL_CONVERSION = YES;
				CLANG_WARN_COMMA = YES;
				CLANG_WARN_CONSTANT_CONVERSION = YES;
				CLANG_WARN_DEPRECATED_OBJC_IMPLEMENTATIONS = YES;
				CLANG_WARN_DIRECT_OBJC_ISA_USAGE = YES_ERROR;
				CLANG_WARN_DOCUMENTATION_COMMENTS = YES;
				CLANG_WARN_EMPTY_BODY = YES;
				CLANG_WARN_ENUM_CONVERSION = YES;
				CLANG_WARN_INFINITE_RECURSION = YES;
				CLANG_WARN_INT_CONVERSION = YES;
				CLANG_WARN_NON_LITERAL_NULL_CONVERSION = YES;
				CLANG_WARN_OBJC_IMPLICIT_RETAIN_SELF = YES;
				CLANG_WARN_OBJC_LITERAL_CONVERSION = YES;
				CLANG_WARN_OBJC_ROOT_CLASS = YES_ERROR;
				CLANG_WARN_QUOTED_INCLUDE_IN_FRAMEWORK_HEADER = YES;
				CLANG_WARN_RANGE_LOOP_ANALYSIS = YES;
				CLANG_WARN_STRICT_PROTOTYPES = YES;
				CLANG_WARN_SUSPICIOUS_MOVE = YES;
				CLANG_WARN_UNGUARDED_AVAILABILITY = YES_AGGRESSIVE;
				CLANG_WARN_UNREACHABLE_CODE = YES;
				CLANG_WARN__DUPLICATE_METHOD_MATCH = YES;
				COPY_PHASE_STRIP = NO;
				DEBUG_INFORMATION_FORMAT = "dwarf-with-dsym";
				ENABLE_NS_ASSERTIONS = NO;
				ENABLE_STRICT_OBJC_MSGSEND = YES;
				ENABLE_USER_SCRIPT_SANDBOXING = YES;
				GCC_C_LANGUAGE_STANDARD = gnu17;
				GCC_NO_COMMON_BLOCKS = YES;
				GCC_WARN_64_TO_32_BIT_CONVERSION = YES;
				GCC_WARN_ABOUT_RETURN_TYPE = YES_ERROR;
				GCC_WARN_UNDECLARED_SELECTOR = YES;
				GCC_WARN_UNINITIALIZED_AUTOS = YES_AGGRESSIVE;
				GCC_WARN_UNUSED_FUNCTION = YES;
				GCC_WARN_UNUSED_VARIABLE = YES;
				IPHONEOS_DEPLOYMENT_TARGET = 17.0;
				LOCALIZATION_PREFERS_STRING_CATALOGS = YES;
				MTL_ENABLE_DEBUG_INFO = NO;
				MTL_FAST_MATH = YES;
				SDKROOT = iphoneos;
				SWIFT_COMPILATION_MODE = wholemodule;
				VALIDATE_PRODUCT = YES;
			};
			name = Release;
		};
		F9B4D6642B65281B00EB665E /* Debug */ = {
			isa = XCBuildConfiguration;
			buildSettings = {
				ASSETCATALOG_COMPILER_APPICON_NAME = AppIcon;
				ASSETCATALOG_COMPILER_GLOBAL_ACCENT_COLOR_NAME = AccentColor;
				CODE_SIGN_STYLE = Automatic;
				CURRENT_PROJECT_VERSION = 1;
				DEVELOPMENT_TEAM = QQ3S8U588L;
				GENERATE_INFOPLIST_FILE = YES;
				INFOPLIST_FILE = Notes/Info.plist;
				INFOPLIST_KEY_UIApplicationSupportsIndirectInputEvents = YES;
				INFOPLIST_KEY_UILaunchStoryboardName = LaunchScreen;
				INFOPLIST_KEY_UIRequiresFullScreen = YES;
				INFOPLIST_KEY_UISupportedInterfaceOrientations = UIInterfaceOrientationPortrait;
				LD_RUNPATH_SEARCH_PATHS = (
					"$(inherited)",
					"@executable_path/Frameworks",
				);
				MARKETING_VERSION = 1.0;
				PRODUCT_BUNDLE_IDENTIFIER = jykaswift.Notes;
				PRODUCT_NAME = "$(TARGET_NAME)";
				SUPPORTED_PLATFORMS = "iphoneos iphonesimulator";
				SUPPORTS_MACCATALYST = NO;
				SUPPORTS_MAC_DESIGNED_FOR_IPHONE_IPAD = NO;
				SWIFT_EMIT_LOC_STRINGS = YES;
				SWIFT_VERSION = 5.0;
				TARGETED_DEVICE_FAMILY = "1,2";
			};
			name = Debug;
		};
		F9B4D6652B65281B00EB665E /* Release */ = {
			isa = XCBuildConfiguration;
			buildSettings = {
				ASSETCATALOG_COMPILER_APPICON_NAME = AppIcon;
				ASSETCATALOG_COMPILER_GLOBAL_ACCENT_COLOR_NAME = AccentColor;
				CODE_SIGN_STYLE = Automatic;
				CURRENT_PROJECT_VERSION = 1;
				DEVELOPMENT_TEAM = QQ3S8U588L;
				GENERATE_INFOPLIST_FILE = YES;
				INFOPLIST_FILE = Notes/Info.plist;
				INFOPLIST_KEY_UIApplicationSupportsIndirectInputEvents = YES;
				INFOPLIST_KEY_UILaunchStoryboardName = LaunchScreen;
				INFOPLIST_KEY_UIRequiresFullScreen = YES;
				INFOPLIST_KEY_UISupportedInterfaceOrientations = UIInterfaceOrientationPortrait;
				LD_RUNPATH_SEARCH_PATHS = (
					"$(inherited)",
					"@executable_path/Frameworks",
				);
				MARKETING_VERSION = 1.0;
				PRODUCT_BUNDLE_IDENTIFIER = jykaswift.Notes;
				PRODUCT_NAME = "$(TARGET_NAME)";
				SUPPORTED_PLATFORMS = "iphoneos iphonesimulator";
				SUPPORTS_MACCATALYST = NO;
				SUPPORTS_MAC_DESIGNED_FOR_IPHONE_IPAD = NO;
				SWIFT_EMIT_LOC_STRINGS = YES;
				SWIFT_VERSION = 5.0;
				TARGETED_DEVICE_FAMILY = "1,2";
			};
			name = Release;
		};
/* End XCBuildConfiguration section */

/* Begin XCConfigurationList section */
		F9B4D64A2B65281A00EB665E /* Build configuration list for PBXProject "Notes" */ = {
			isa = XCConfigurationList;
			buildConfigurations = (
				F9B4D6612B65281B00EB665E /* Debug */,
				F9B4D6622B65281B00EB665E /* Release */,
			);
			defaultConfigurationIsVisible = 0;
			defaultConfigurationName = Release;
		};
		F9B4D6632B65281B00EB665E /* Build configuration list for PBXNativeTarget "Notes" */ = {
			isa = XCConfigurationList;
			buildConfigurations = (
				F9B4D6642B65281B00EB665E /* Debug */,
				F9B4D6652B65281B00EB665E /* Release */,
			);
			defaultConfigurationIsVisible = 0;
			defaultConfigurationName = Release;
		};
/* End XCConfigurationList section */

/* Begin XCVersionGroup section */
		F9A856162B66E90E00508C24 /* CoreDataModel.xcdatamodeld */ = {
			isa = XCVersionGroup;
			children = (
				F9A856172B66E90E00508C24 /* CoreDataModel.xcdatamodel */,
			);
			currentVersion = F9A856172B66E90E00508C24 /* CoreDataModel.xcdatamodel */;
			path = CoreDataModel.xcdatamodeld;
			sourceTree = "<group>";
			versionGroupType = wrapper.xcdatamodel;
		};
/* End XCVersionGroup section */
	};
	rootObject = F9B4D6472B65281A00EB665E /* Project object */;
}
